<?xml version="1.0" encoding="utf-8"?>
<Project ToolsVersion="4.0" xmlns="http://schemas.microsoft.com/developer/msbuild/2003">
  <ItemGroup>
    <Filter Include="Client">
      <UniqueIdentifier>{644D06AC-50EF-3082-39AA-44D625EBB7D2}</UniqueIdentifier>
    </Filter>
    <Filter Include="dependencies">
      <UniqueIdentifier>{8CAD9F58-7810-2FFD-2196-67B30DD8FA7F}</UniqueIdentifier>
    </Filter>
    <Filter Include="dependencies\imgui">
      <UniqueIdentifier>{F6B312BD-E297-D312-4BF8-CD6537FBBD94}</UniqueIdentifier>
    </Filter>
    <Filter Include="dependencies\imgui-sfml">
      <UniqueIdentifier>{55BCFE84-C1F3-461C-CAFD-AA3F36B46D15}</UniqueIdentifier>
    </Filter>
  </ItemGroup>
  <ItemGroup>
    <ClInclude Include="Client\LocalServer.h">
      <Filter>Client</Filter>
    </ClInclude>
    <ClInclude Include="Client\Math.h">
      <Filter>Client</Filter>
    </ClInclude>
    <ClInclude Include="dependencies\imgui-sfml\imconfig-SFML.h">
      <Filter>dependencies\imgui-sfml</Filter>
    </ClInclude>
    <ClInclude Include="dependencies\imgui-sfml\imgui-SFML.h">
      <Filter>dependencies\imgui-sfml</Filter>
    </ClInclude>
    <ClInclude Include="dependencies\imgui-sfml\imgui-SFML_export.h">
      <Filter>dependencies\imgui-sfml</Filter>
    </ClInclude>
    <ClInclude Include="dependencies\imgui\imconfig.h">
      <Filter>dependencies\imgui</Filter>
    </ClInclude>
    <ClInclude Include="dependencies\imgui\imgui.h">
      <Filter>dependencies\imgui</Filter>
    </ClInclude>
    <ClInclude Include="dependencies\imgui\imgui_internal.h">
      <Filter>dependencies\imgui</Filter>
    </ClInclude>
    <ClInclude Include="dependencies\imgui\imstb_rectpack.h">
      <Filter>dependencies\imgui</Filter>
    </ClInclude>
    <ClInclude Include="dependencies\imgui\imstb_textedit.h">
      <Filter>dependencies\imgui</Filter>
    </ClInclude>
    <ClInclude Include="dependencies\imgui\imstb_truetype.h">
      <Filter>dependencies\imgui</Filter>
    </ClInclude>
  </ItemGroup>
  <ItemGroup>
    <ClCompile Include="Client\LocalServer.cpp">
      <Filter>Client</Filter>
    </ClCompile>
    <ClCompile Include="Client\main.cpp">
      <Filter>Client</Filter>
    </ClCompile>
    <ClCompile Include="Client\tech.cpp">
      <Filter>Client</Filter>
    </ClCompile>
    <ClCompile Include="dependencies\imgui-sfml\imgui-SFML.cpp">
      <Filter>dependencies\imgui-sfml</Filter>
    </ClCompile>
    <ClCompile Include="dependencies\imgui\imgui.cpp">
      <Filter>dependencies\imgui</Filter>
    </ClCompile>
    <ClCompile Include="dependencies\imgui\imgui_demo.cpp">
      <Filter>dependencies\imgui</Filter>
    </ClCompile>
    <ClCompile Include="dependencies\imgui\imgui_draw.cpp">
      <Filter>dependencies\imgui</Filter>
    </ClCompile>
    <ClCompile Include="dependencies\imgui\imgui_tables.cpp">
      <Filter>dependencies\imgui</Filter>
    </ClCompile>
    <ClCompile Include="dependencies\imgui\imgui_widgets.cpp">
      <Filter>dependencies\imgui</Filter>
    </ClCompile>
  </ItemGroup>
</Project>